// !$*UTF8*$!
{
	archiveVersion = 1;
	classes = {
	};
	objectVersion = 56;
	objects = {

/* Begin PBXBuildFile section */
		14C1E86E2B8CE7CF00895080 /* AppDelegate.swift in Sources */ = {isa = PBXBuildFile; fileRef = 14C1E86D2B8CE7CF00895080 /* AppDelegate.swift */; };
		14C1E8702B8CE7CF00895080 /* SceneDelegate.swift in Sources */ = {isa = PBXBuildFile; fileRef = 14C1E86F2B8CE7CF00895080 /* SceneDelegate.swift */; };
		14C1E8722B8CE7CF00895080 /* ViewController.swift in Sources */ = {isa = PBXBuildFile; fileRef = 14C1E8712B8CE7CF00895080 /* ViewController.swift */; };
		14C1E8752B8CE7CF00895080 /* Main.storyboard in Resources */ = {isa = PBXBuildFile; fileRef = 14C1E8732B8CE7CF00895080 /* Main.storyboard */; };
		14C1E8772B8CE7D000895080 /* Assets.xcassets in Resources */ = {isa = PBXBuildFile; fileRef = 14C1E8762B8CE7D000895080 /* Assets.xcassets */; };
		14C1E87A2B8CE7D000895080 /* LaunchScreen.storyboard in Resources */ = {isa = PBXBuildFile; fileRef = 14C1E8782B8CE7D000895080 /* LaunchScreen.storyboard */; };
		77040B395BFB6F957DDC8FF6 /* Pods_ExAlamofire.framework in Frameworks */ = {isa = PBXBuildFile; fileRef = BE2A7282BC93A571516315DF /* Pods_ExAlamofire.framework */; };
/* End PBXBuildFile section */

/* Begin PBXFileReference section */
		14C1E86A2B8CE7CF00895080 /* ExAlamofire.app */ = {isa = PBXFileReference; explicitFileType = wrapper.application; includeInIndex = 0; path = ExAlamofire.app; sourceTree = BUILT_PRODUCTS_DIR; };
		14C1E86D2B8CE7CF00895080 /* AppDelegate.swift */ = {isa = PBXFileReference; lastKnownFileType = sourcecode.swift; path = AppDelegate.swift; sourceTree = "<group>"; };
		14C1E86F2B8CE7CF00895080 /* SceneDelegate.swift */ = {isa = PBXFileReference; lastKnownFileType = sourcecode.swift; path = SceneDelegate.swift; sourceTree = "<group>"; };
		14C1E8712B8CE7CF00895080 /* ViewController.swift */ = {isa = PBXFileReference; lastKnownFileType = sourcecode.swift; path = ViewController.swift; sourceTree = "<group>"; };
		14C1E8742B8CE7CF00895080 /* Base */ = {isa = PBXFileReference; lastKnownFileType = file.storyboard; name = Base; path = Base.lproj/Main.storyboard; sourceTree = "<group>"; };
		14C1E8762B8CE7D000895080 /* Assets.xcassets */ = {isa = PBXFileReference; lastKnownFileType = folder.assetcatalog; path = Assets.xcassets; sourceTree = "<group>"; };
		14C1E8792B8CE7D000895080 /* Base */ = {isa = PBXFileReference; lastKnownFileType = file.storyboard; name = Base; path = Base.lproj/LaunchScreen.storyboard; sourceTree = "<group>"; };
		14C1E87B2B8CE7D000895080 /* Info.plist */ = {isa = PBXFileReference; lastKnownFileType = text.plist.xml; path = Info.plist; sourceTree = "<group>"; };
		8CDE230801D231E682FE2904 /* Pods-ExAlamofire.release.xcconfig */ = {isa = PBXFileReference; includeInIndex = 1; lastKnownFileType = text.xcconfig; name = "Pods-ExAlamofire.release.xcconfig"; path = "Target Support Files/Pods-ExAlamofire/Pods-ExAlamofire.release.xcconfig"; sourceTree = "<group>"; };
		BA9350F7766E3181B207429B /* Pods-ExAlamofire.debug.xcconfig */ = {isa = PBXFileReference; includeInIndex = 1; lastKnownFileType = text.xcconfig; name = "Pods-ExAlamofire.debug.xcconfig"; path = "Target Support Files/Pods-ExAlamofire/Pods-ExAlamofire.debug.xcconfig"; sourceTree = "<group>"; };
		BE2A7282BC93A571516315DF /* Pods_ExAlamofire.framework */ = {isa = PBXFileReference; explicitFileType = wrapper.framework; includeInIndex = 0; path = Pods_ExAlamofire.framework; sourceTree = BUILT_PRODUCTS_DIR; };
/* End PBXFileReference section */

/* Begin PBXFrameworksBuildPhase section */
		14C1E8672B8CE7CF00895080 /* Frameworks */ = {
			isa = PBXFrameworksBuildPhase;
			buildActionMask = 2147483647;
			files = (
				77040B395BFB6F957DDC8FF6 /* Pods_ExAlamofire.framework in Frameworks */,
			);
			runOnlyForDeploymentPostprocessing = 0;
		};
/* End PBXFrameworksBuildPhase section */

/* Begin PBXGroup section */
		0745723EBC0B58C4B36CF9DF /* Frameworks */ = {
			isa = PBXGroup;
			children = (
				BE2A7282BC93A571516315DF /* Pods_ExAlamofire.framework */,
			);
			name = Frameworks;
			sourceTree = "<group>";
		};
		14C1E8612B8CE7CF00895080 = {
			isa = PBXGroup;
			children = (
				14C1E86C2B8CE7CF00895080 /* ExAlamofire */,
				14C1E86B2B8CE7CF00895080 /* Products */,
				8B7E82C97C0DDEBB8DF873E1 /* Pods */,
				0745723EBC0B58C4B36CF9DF /* Frameworks */,
			);
			sourceTree = "<group>";
		};
		14C1E86B2B8CE7CF00895080 /* Products */ = {
			isa = PBXGroup;
			children = (
				14C1E86A2B8CE7CF00895080 /* ExAlamofire.app */,
			);
			name = Products;
			sourceTree = "<group>";
		};
		14C1E86C2B8CE7CF00895080 /* ExAlamofire */ = {
			isa = PBXGroup;
			children = (
				14C1E86D2B8CE7CF00895080 /* AppDelegate.swift */,
				14C1E86F2B8CE7CF00895080 /* SceneDelegate.swift */,
				14C1E8712B8CE7CF00895080 /* ViewController.swift */,
				14C1E8732B8CE7CF00895080 /* Main.storyboard */,
				14C1E8762B8CE7D000895080 /* Assets.xcassets */,
				14C1E8782B8CE7D000895080 /* LaunchScreen.storyboard */,
				14C1E87B2B8CE7D000895080 /* Info.plist */,
			);
			path = ExAlamofire;
			sourceTree = "<group>";
		};
		8B7E82C97C0DDEBB8DF873E1 /* Pods */ = {
			isa = PBXGroup;
			children = (
				BA9350F7766E3181B207429B /* Pods-ExAlamofire.debug.xcconfig */,
				8CDE230801D231E682FE2904 /* Pods-ExAlamofire.release.xcconfig */,
			);
			name = Pods;
			path = Pods;
			sourceTree = "<group>";
		};
/* End PBXGroup section */

/* Begin PBXNativeTarget section */
		14C1E8692B8CE7CF00895080 /* ExAlamofire */ = {
			isa = PBXNativeTarget;
			buildConfigurationList = 14C1E87E2B8CE7D000895080 /* Build configuration list for PBXNativeTarget "ExAlamofire" */;
			buildPhases = (
				C561B2A1F1B01C188D2E14C0 /* [CP] Check Pods Manifest.lock */,
				14C1E8662B8CE7CF00895080 /* Sources */,
				14C1E8672B8CE7CF00895080 /* Frameworks */,
				14C1E8682B8CE7CF00895080 /* Resources */,
				4E16B4878F6F6B9BB6BEBD79 /* [CP] Embed Pods Frameworks */,
			);
			buildRules = (
			);
			dependencies = (
			);
			name = ExAlamofire;
			productName = ExAlamofire;
			productReference = 14C1E86A2B8CE7CF00895080 /* ExAlamofire.app */;
			productType = "com.apple.product-type.application";
		};
/* End PBXNativeTarget section */

/* Begin PBXProject section */
		14C1E8622B8CE7CF00895080 /* Project object */ = {
			isa = PBXProject;
			attributes = {
				BuildIndependentTargetsInParallel = 1;
				LastSwiftUpdateCheck = 1420;
				LastUpgradeCheck = 1420;
				TargetAttributes = {
					14C1E8692B8CE7CF00895080 = {
						CreatedOnToolsVersion = 14.2;
					};
				};
			};
			buildConfigurationList = 14C1E8652B8CE7CF00895080 /* Build configuration list for PBXProject "ExAlamofire" */;
			compatibilityVersion = "Xcode 14.0";
			developmentRegion = en;
			hasScannedForEncodings = 0;
			knownRegions = (
				en,
				Base,
			);
			mainGroup = 14C1E8612B8CE7CF00895080;
			productRefGroup = 14C1E86B2B8CE7CF00895080 /* Products */;
			projectDirPath = "";
			projectRoot = "";
			targets = (
				14C1E8692B8CE7CF00895080 /* ExAlamofire */,
			);
		};
/* End PBXProject section */

/* Begin PBXResourcesBuildPhase section */
		14C1E8682B8CE7CF00895080 /* Resources */ = {
			isa = PBXResourcesBuildPhase;
			buildActionMask = 2147483647;
			files = (
				14C1E87A2B8CE7D000895080 /* LaunchScreen.storyboard in Resources */,
				14C1E8772B8CE7D000895080 /* Assets.xcassets in Resources */,
				14C1E8752B8CE7CF00895080 /* Main.storyboard in Resources */,
			);
			runOnlyForDeploymentPostprocessing = 0;
		};
/* End PBXResourcesBuildPhase section */

/* Begin PBXShellScriptBuildPhase section */
		4E16B4878F6F6B9BB6BEBD79 /* [CP] Embed Pods Frameworks */ = {
			isa = PBXShellScriptBuildPhase;
			buildActionMask = 2147483647;
			files = (
			);
			inputFileListPaths = (
				"${PODS_ROOT}/Target Support Files/Pods-ExAlamofire/Pods-ExAlamofire-frameworks-${CONFIGURATION}-input-files.xcfilelist",
			);
			name = "[CP] Embed Pods Frameworks";
			outputFileListPaths = (
				"${PODS_ROOT}/Target Support Files/Pods-ExAlamofire/Pods-ExAlamofire-frameworks-${CONFIGURATION}-output-files.xcfilelist",
			);
			runOnlyForDeploymentPostprocessing = 0;
			shellPath = /bin/sh;
			shellScript = "\"${PODS_ROOT}/Target Support Files/Pods-ExAlamofire/Pods-ExAlamofire-frameworks.sh\"\n";
			showEnvVarsInLog = 0;
		};
		C561B2A1F1B01C188D2E14C0 /* [CP] Check Pods Manifest.lock */ = {
			isa = PBXShellScriptBuildPhase;
			buildActionMask = 2147483647;
			files = (
			);
			inputFileListPaths = (
			);
			inputPaths = (
				"${PODS_PODFILE_DIR_PATH}/Podfile.lock",
				"${PODS_ROOT}/Manifest.lock",
			);
			name = "[CP] Check Pods Manifest.lock";
			outputFileListPaths = (
			);
			outputPaths = (
				"$(DERIVED_FILE_DIR)/Pods-ExAlamofire-checkManifestLockResult.txt",
			);
			runOnlyForDeploymentPostprocessing = 0;
			shellPath = /bin/sh;
			shellScript = "diff \"${PODS_PODFILE_DIR_PATH}/Podfile.lock\" \"${PODS_ROOT}/Manifest.lock\" > /dev/null\nif [ $? != 0 ] ; then\n    # print error to STDERR\n    echo \"error: The sandbox is not in sync with the Podfile.lock. Run 'pod install' or update your CocoaPods installation.\" >&2\n    exit 1\nfi\n# This output is used by Xcode 'outputs' to avoid re-running this script phase.\necho \"SUCCESS\" > \"${SCRIPT_OUTPUT_FILE_0}\"\n";
			showEnvVarsInLog = 0;
		};
/* End PBXShellScriptBuildPhase section */

/* Begin PBXSourcesBuildPhase section */
		14C1E8662B8CE7CF00895080 /* Sources */ = {
			isa = PBXSourcesBuildPhase;
			buildActionMask = 2147483647;
			files = (
				14C1E8722B8CE7CF00895080 /* ViewController.swift in Sources */,
				14C1E86E2B8CE7CF00895080 /* AppDelegate.swift in Sources */,
				14C1E8702B8CE7CF00895080 /* SceneDelegate.swift in Sources */,
			);
			runOnlyForDeploymentPostprocessing = 0;
		};
/* End PBXSourcesBuildPhase section */

/* Begin PBXVariantGroup section */
		14C1E8732B8CE7CF00895080 /* Main.storyboard */ = {
			isa = PBXVariantGroup;
			children = (
				14C1E8742B8CE7CF00895080 /* Base */,
			);
			name = Main.storyboard;
			sourceTree = "<group>";
		};
		14C1E8782B8CE7D000895080 /* LaunchScreen.storyboard */ = {
			isa = PBXVariantGroup;
			children = (
				14C1E8792B8CE7D000895080 /* Base */,
			);
			name = LaunchScreen.storyboard;
			sourceTree = "<group>";
		};
/* End PBXVariantGroup section */

/* Begin XCBuildConfiguration section */
		14C1E87C2B8CE7D000895080 /* Debug */ = {
			isa = XCBuildConfiguration;
			buildSettings = {
				ALWAYS_SEARCH_USER_PATHS = NO;
				CLANG_ANALYZER_NONNULL = YES;
				CLANG_ANALYZER_NUMBER_OBJECT_CONVERSION = YES_AGGRESSIVE;
				CLANG_CXX_LANGUAGE_STANDARD = "gnu++20";
				CLANG_ENABLE_MODULES = YES;
				CLANG_ENABLE_OBJC_ARC = YES;
				CLANG_ENABLE_OBJC_WEAK = YES;
				CLANG_WARN_BLOCK_CAPTURE_AUTORELEASING = YES;
				CLANG_WARN_BOOL_CONVERSION = YES;
				CLANG_WARN_COMMA = YES;
				CLANG_WARN_CONSTANT_CONVERSION = YES;
				CLANG_WARN_DEPRECATED_OBJC_IMPLEMENTATIONS = YES;
				CLANG_WARN_DIRECT_OBJC_ISA_USAGE = YES_ERROR;
				CLANG_WARN_DOCUMENTATION_COMMENTS = YES;
				CLANG_WARN_EMPTY_BODY = YES;
				CLANG_WARN_ENUM_CONVERSION = YES;
				CLANG_WARN_INFINITE_RECURSION = YES;
				CLANG_WARN_INT_CONVERSION = YES;
				CLANG_WARN_NON_LITERAL_NULL_CONVERSION = YES;
				CLANG_WARN_OBJC_IMPLICIT_RETAIN_SELF = YES;
				CLANG_WARN_OBJC_LITERAL_CONVERSION = YES;
				CLANG_WARN_OBJC_ROOT_CLASS = YES_ERROR;
				CLANG_WARN_QUOTED_INCLUDE_IN_FRAMEWORK_HEADER = YES;
				CLANG_WARN_RANGE_LOOP_ANALYSIS = YES;
				CLANG_WARN_STRICT_PROTOTYPES = YES;
				CLANG_WARN_SUSPICIOUS_MOVE = YES;
				CLANG_WARN_UNGUARDED_AVAILABILITY = YES_AGGRESSIVE;
				CLANG_WARN_UNREACHABLE_CODE = YES;
				CLANG_WARN__DUPLICATE_METHOD_MATCH = YES;
				COPY_PHASE_STRIP = NO;
				DEBUG_INFORMATION_FORMAT = dwarf;
				ENABLE_STRICT_OBJC_MSGSEND = YES;
				ENABLE_TESTABILITY = YES;
				GCC_C_LANGUAGE_STANDARD = gnu11;
				GCC_DYNAMIC_NO_PIC = NO;
				GCC_NO_COMMON_BLOCKS = YES;
				GCC_OPTIMIZATION_LEVEL = 0;
				GCC_PREPROCESSOR_DEFINITIONS = (
					"DEBUG=1",
					"$(inherited)",
				);
				GCC_WARN_64_TO_32_BIT_CONVERSION = YES;
				GCC_WARN_ABOUT_RETURN_TYPE = YES_ERROR;
				GCC_WARN_UNDECLARED_SELECTOR = YES;
				GCC_WARN_UNINITIALIZED_AUTOS = YES_AGGRESSIVE;
				GCC_WARN_UNUSED_FUNCTION = YES;
				GCC_WARN_UNUSED_VARIABLE = YES;
				IPHONEOS_DEPLOYMENT_TARGET = 16.2;
				MTL_ENABLE_DEBUG_INFO = INCLUDE_SOURCE;
				MTL_FAST_MATH = YES;
				ONLY_ACTIVE_ARCH = YES;
				SDKROOT = iphoneos;
				SWIFT_ACTIVE_COMPILATION_CONDITIONS = DEBUG;
				SWIFT_OPTIMIZATION_LEVEL = "-Onone";
			};
			name = Debug;
		};
		14C1E87D2B8CE7D000895080 /* Release */ = {
			isa = XCBuildConfiguration;
			buildSettings = {
				ALWAYS_SEARCH_USER_PATHS = NO;
				CLANG_ANALYZER_NONNULL = YES;
				CLANG_ANALYZER_NUMBER_OBJECT_CONVERSION = YES_AGGRESSIVE;
				CLANG_CXX_LANGUAGE_STANDARD = "gnu++20";
				CLANG_ENABLE_MODULES = YES;
				CLANG_ENABLE_OBJC_ARC = YES;
				CLANG_ENABLE_OBJC_WEAK = YES;
				CLANG_WARN_BLOCK_CAPTURE_AUTORELEASING = YES;
				CLANG_WARN_BOOL_CONVERSION = YES;
				CLANG_WARN_COMMA = YES;
				CLANG_WARN_CONSTANT_CONVERSION = YES;
				CLANG_WARN_DEPRECATED_OBJC_IMPLEMENTATIONS = YES;
				CLANG_WARN_DIRECT_OBJC_ISA_USAGE = YES_ERROR;
				CLANG_WARN_DOCUMENTATION_COMMENTS = YES;
				CLANG_WARN_EMPTY_BODY = YES;
				CLANG_WARN_ENUM_CONVERSION = YES;
				CLANG_WARN_INFINITE_RECURSION = YES;
				CLANG_WARN_INT_CONVERSION = YES;
				CLANG_WARN_NON_LITERAL_NULL_CONVERSION = YES;
				CLANG_WARN_OBJC_IMPLICIT_RETAIN_SELF = YES;
				CLANG_WARN_OBJC_LITERAL_CONVERSION = YES;
				CLANG_WARN_OBJC_ROOT_CLASS = YES_ERROR;
				CLANG_WARN_QUOTED_INCLUDE_IN_FRAMEWORK_HEADER = YES;
				CLANG_WARN_RANGE_LOOP_ANALYSIS = YES;
				CLANG_WARN_STRICT_PROTOTYPES = YES;
				CLANG_WARN_SUSPICIOUS_MOVE = YES;
				CLANG_WARN_UNGUARDED_AVAILABILITY = YES_AGGRESSIVE;
				CLANG_WARN_UNREACHABLE_CODE = YES;
				CLANG_WARN__DUPLICATE_METHOD_MATCH = YES;
				COPY_PHASE_STRIP = NO;
				DEBUG_INFORMATION_FORMAT = "dwarf-with-dsym";
				ENABLE_NS_ASSERTIONS = NO;
				ENABLE_STRICT_OBJC_MSGSEND = YES;
				GCC_C_LANGUAGE_STANDARD = gnu11;
				GCC_NO_COMMON_BLOCKS = YES;
				GCC_WARN_64_TO_32_BIT_CONVERSION = YES;
				GCC_WARN_ABOUT_RETURN_TYPE = YES_ERROR;
				GCC_WARN_UNDECLARED_SELECTOR = YES;
				GCC_WARN_UNINITIALIZED_AUTOS = YES_AGGRESSIVE;
				GCC_WARN_UNUSED_FUNCTION = YES;
				GCC_WARN_UNUSED_VARIABLE = YES;
				IPHONEOS_DEPLOYMENT_TARGET = 16.2;
				MTL_ENABLE_DEBUG_INFO = NO;
				MTL_FAST_MATH = YES;
				SDKROOT = iphoneos;
				SWIFT_COMPILATION_MODE = wholemodule;
				SWIFT_OPTIMIZATION_LEVEL = "-O";
				VALIDATE_PRODUCT = YES;
			};
			name = Release;
		};
		14C1E87F2B8CE7D000895080 /* Debug */ = {
			isa = XCBuildConfiguration;
			baseConfigurationReference = BA9350F7766E3181B207429B /* Pods-ExAlamofire.debug.xcconfig */;
			buildSettings = {
				ASSETCATALOG_COMPILER_APPICON_NAME = AppIcon;
				ASSETCATALOG_COMPILER_GLOBAL_ACCENT_COLOR_NAME = AccentColor;
				CODE_SIGN_STYLE = Automatic;
				CURRENT_PROJECT_VERSION = 1;
				DEVELOPMENT_TEAM = N864W465X2;
				GENERATE_INFOPLIST_FILE = YES;
				INFOPLIST_FILE = ExAlamofire/Info.plist;
				INFOPLIST_KEY_UIApplicationSupportsIndirectInputEvents = YES;
				INFOPLIST_KEY_UILaunchStoryboardName = LaunchScreen;
				INFOPLIST_KEY_UIMainStoryboardFile = Main;
				INFOPLIST_KEY_UISupportedInterfaceOrientations_iPad = "UIInterfaceOrientationPortrait UIInterfaceOrientationPortraitUpsideDown UIInterfaceOrientationLandscapeLeft UIInterfaceOrientationLandscapeRight";
				INFOPLIST_KEY_UISupportedInterfaceOrientations_iPhone = "UIInterfaceOrientationPortrait UIInterfaceOrientationLandscapeLeft UIInterfaceOrientationLandscapeRight";
				LD_RUNPATH_SEARCH_PATHS = (
					"$(inherited)",
					"@executable_path/Frameworks",
				);
				MARKETING_VERSION = 1.0;
				PRODUCT_BUNDLE_IDENTIFIER = com.Rlogixx.ExAlamofire;
				PRODUCT_NAME = "$(TARGET_NAME)";
				SWIFT_EMIT_LOC_STRINGS = YES;
				SWIFT_VERSION = 5.0;
				TARGETED_DEVICE_FAMILY = "1,2";
			};
			name = Debug;
		};
		14C1E8802B8CE7D000895080 /* Release */ = {
			isa = XCBuildConfiguration;
			baseConfigurationReference = 8CDE230801D231E682FE2904 /* Pods-ExAlamofire.release.xcconfig */;
			buildSettings = {
				ASSETCATALOG_COMPILER_APPICON_NAME = AppIcon;
				ASSETCATALOG_COMPILER_GLOBAL_ACCENT_COLOR_NAME = AccentColor;
				CODE_SIGN_STYLE = Automatic;
				CURRENT_PROJECT_VERSION = 1;
				DEVELOPMENT_TEAM = N864W465X2;
				GENERATE_INFOPLIST_FILE = YES;
				INFOPLIST_FILE = ExAlamofire/Info.plist;
				INFOPLIST_KEY_UIApplicationSupportsIndirectInputEvents = YES;
				INFOPLIST_KEY_UILaunchStoryboardName = LaunchScreen;
				INFOPLIST_KEY_UIMainStoryboardFile = Main;
				INFOPLIST_KEY_UISupportedInterfaceOrientations_iPad = "UIInterfaceOrientationPortrait UIInterfaceOrientationPortraitUpsideDown UIInterfaceOrientationLandscapeLeft UIInterfaceOrientationLandscapeRight";
				INFOPLIST_KEY_UISupportedInterfaceOrientations_iPhone = "UIInterfaceOrientationPortrait UIInterfaceOrientationLandscapeLeft UIInterfaceOrientationLandscapeRight";
				LD_RUNPATH_SEARCH_PATHS = (
					"$(inherited)",
					"@executable_path/Frameworks",
				);
				MARKETING_VERSION = 1.0;
				PRODUCT_BUNDLE_IDENTIFIER = com.Rlogixx.ExAlamofire;
				PRODUCT_NAME = "$(TARGET_NAME)";
				SWIFT_EMIT_LOC_STRINGS = YES;
				SWIFT_VERSION = 5.0;
				TARGETED_DEVICE_FAMILY = "1,2";
			};
			name = Release;
		};
/* End XCBuildConfiguration section */

/* Begin XCConfigurationList section */
		14C1E8652B8CE7CF00895080 /* Build configuration list for PBXProject "ExAlamofire" */ = {
			isa = XCConfigurationList;
			buildConfigurations = (
				14C1E87C2B8CE7D000895080 /* Debug */,
				14C1E87D2B8CE7D000895080 /* Release */,
			);
			defaultConfigurationIsVisible = 0;
			defaultConfigurationName = Release;
		};
		14C1E87E2B8CE7D000895080 /* Build configuration list for PBXNativeTarget "ExAlamofire" */ = {
			isa = XCConfigurationList;
			buildConfigurations = (
				14C1E87F2B8CE7D000895080 /* Debug */,
				14C1E8802B8CE7D000895080 /* Release */,
			);
			defaultConfigurationIsVisible = 0;
			defaultConfigurationName = Release;
		};
/* End XCConfigurationList section */
	};
	rootObject = 14C1E8622B8CE7CF00895080 /* Project object */;
}
